{
  "requires": true,
  "lockfileVersion": 1,
  "dependencies": {
    "angular": {
      "version": "1.6.9",
      "resolved": "https://registry.npmjs.org/angular/-/angular-1.6.9.tgz",
      "integrity": "sha512-6igWH2GIsxV+J38wNWCh8oyjaZsrIPIDO35twloIUyjlF2Yit6UyLAWujHP05ma/LFxTsx4NtYibRoMNBXPR1A=="
    },
    "angular-animate": {
      "version": "1.6.9",
      "resolved": "https://registry.npmjs.org/angular-animate/-/angular-animate-1.6.9.tgz",
      "integrity": "sha512-3/fqrmT6mJgB2O6oDvXDlNP6AJVqUXLWZq/P87Xo7Wt0JjcSmhJSQ02Yp7gm0Pkd5SXMKHICLpn/iEJPyse9fg=="
    },
    "angular-loading-bar": {
      "version": "0.9.0",
      "resolved": "https://registry.npmjs.org/angular-loading-bar/-/angular-loading-bar-0.9.0.tgz",
      "integrity": "sha1-N+9Swl8QLCFuezzf0vxaXflijkU="
    },
    "angular-material": {
      "version": "1.1.7",
      "resolved": "https://registry.npmjs.org/angular-material/-/angular-material-1.1.7.tgz",
      "integrity": "sha512-nIEkTk2BfEmqOLXtBFrc39aAwDsM3oNXOQBUqtTA8cxD0OjTKAnkfJaVPWmqFa/h3pt1JhvP+R2Ispg9/skl4A=="
    },
    "angular-messages": {
      "version": "1.6.9",
      "resolved": "https://registry.npmjs.org/angular-messages/-/angular-messages-1.6.9.tgz",
      "integrity": "sha512-/2xvG6vDC+Us8h0baSa1siDKwPj5R2A7LldxxhK2339HInc09bq9shMVCUy9zqnuvwnDUJ/DSgkSaBoSHSZrqg=="
    },
    "bower": {
      "version": "1.8.2",
      "resolved": "https://registry.npmjs.org/bower/-/bower-1.8.2.tgz",
      "integrity": "sha1-rfU1KcjUrwLvJPuNU0HBQZ0z4vc="
    }
  }
}
